
Microsoft Visual Studio Solution File, Format Version 12.00
# Visual Studio Version 17
VisualStudioVersion = 17.13.35825.156
MinimumVisualStudioVersion = 10.0.40219.1
Project("{FAE04EC0-301F-11D3-BF4B-00C04F79EFBC}") = "iMissMyStreamer", "iMissMyStreamer\iMissMyStreamer.csproj", "{0B8EF74F-57C9-49A7-876C-E21AB2F16B8B}"
EndProject
Global
	GlobalSection(SolutionConfigurationPlatforms) = preSolution
		Debug|Any CPU = Debug|Any CPU
		Release|Any CPU = Release|Any CPU
	EndGlobalSection
	GlobalSection(ProjectConfigurationPlatforms) = postSolution
		{0B8EF74F-57C9-49A7-876C-E21AB2F16B8B}.Debug|Any CPU.ActiveCfg = Debug|Any CPU
		{0B8EF74F-57C9-49A7-876C-E21AB2F16B8B}.Debug|Any CPU.Build.0 = Debug|Any CPU
		{0B8EF74F-57C9-49A7-876C-E21AB2F16B8B}.Release|Any CPU.ActiveCfg = Release|Any CPU
		{0B8EF74F-57C9-49A7-876C-E21AB2F16B8B}.Release|Any CPU.Build.0 = Release|Any CPU
	EndGlobalSection
	GlobalSection(SolutionProperties) = preSolution
		HideSolutionNode = FALSE
	EndGlobalSection
	GlobalSection(ExtensibilityGlobals) = postSolution
		SolutionGuid = {420A9FE4-2BC3-4E09-825B-F669ABBA3CD3}
	EndGlobalSection
EndGlobal
